// !$*UTF8*$!
{
	archiveVersion = 1;
	classes = {
	};
	objectVersion = 50;
	objects = {

/* Begin PBXBuildFile section */
		9046527224EC809E00F046FB /* AppDelegate.swift in Sources */ = {isa = PBXBuildFile; fileRef = 9046527124EC809E00F046FB /* AppDelegate.swift */; };
		9046527424EC809E00F046FB /* SceneDelegate.swift in Sources */ = {isa = PBXBuildFile; fileRef = 9046527324EC809E00F046FB /* SceneDelegate.swift */; };
		9046527624EC809E00F046FB /* ViewController.swift in Sources */ = {isa = PBXBuildFile; fileRef = 9046527524EC809E00F046FB /* ViewController.swift */; };
		9046527924EC809E00F046FB /* Main.storyboard in Resources */ = {isa = PBXBuildFile; fileRef = 9046527724EC809E00F046FB /* Main.storyboard */; };
		9046527B24EC809F00F046FB /* Assets.xcassets in Resources */ = {isa = PBXBuildFile; fileRef = 9046527A24EC809F00F046FB /* Assets.xcassets */; };
		9046527E24EC809F00F046FB /* LaunchScreen.storyboard in Resources */ = {isa = PBXBuildFile; fileRef = 9046527C24EC809F00F046FB /* LaunchScreen.storyboard */; };
		9046528924EC809F00F046FB /* RestaurantsTests.swift in Sources */ = {isa = PBXBuildFile; fileRef = 9046528824EC809F00F046FB /* RestaurantsTests.swift */; };
/* End PBXBuildFile section */

/* Begin PBXContainerItemProxy section */
		9046528524EC809F00F046FB /* PBXContainerItemProxy */ = {
			isa = PBXContainerItemProxy;
			containerPortal = 9046526624EC809E00F046FB /* Project object */;
			proxyType = 1;
			remoteGlobalIDString = 9046526D24EC809E00F046FB;
			remoteInfo = Restaurants;
		};
/* End PBXContainerItemProxy section */

/* Begin PBXFileReference section */
		9046526E24EC809E00F046FB /* Restaurants.app */ = {isa = PBXFileReference; explicitFileType = wrapper.application; includeInIndex = 0; path = Restaurants.app; sourceTree = BUILT_PRODUCTS_DIR; };
		9046527124EC809E00F046FB /* AppDelegate.swift */ = {isa = PBXFileReference; lastKnownFileType = sourcecode.swift; path = AppDelegate.swift; sourceTree = "<group>"; };
		9046527324EC809E00F046FB /* SceneDelegate.swift */ = {isa = PBXFileReference; lastKnownFileType = sourcecode.swift; path = SceneDelegate.swift; sourceTree = "<group>"; };
		9046527524EC809E00F046FB /* ViewController.swift */ = {isa = PBXFileReference; lastKnownFileType = sourcecode.swift; path = ViewController.swift; sourceTree = "<group>"; };
		9046527824EC809E00F046FB /* Base */ = {isa = PBXFileReference; lastKnownFileType = file.storyboard; name = Base; path = Base.lproj/Main.storyboard; sourceTree = "<group>"; };
		9046527A24EC809F00F046FB /* Assets.xcassets */ = {isa = PBXFileReference; lastKnownFileType = folder.assetcatalog; path = Assets.xcassets; sourceTree = "<group>"; };
		9046527D24EC809F00F046FB /* Base */ = {isa = PBXFileReference; lastKnownFileType = file.storyboard; name = Base; path = Base.lproj/LaunchScreen.storyboard; sourceTree = "<group>"; };
		9046527F24EC809F00F046FB /* Info.plist */ = {isa = PBXFileReference; lastKnownFileType = text.plist.xml; path = Info.plist; sourceTree = "<group>"; };
		9046528424EC809F00F046FB /* RestaurantsTests.xctest */ = {isa = PBXFileReference; explicitFileType = wrapper.cfbundle; includeInIndex = 0; path = RestaurantsTests.xctest; sourceTree = BUILT_PRODUCTS_DIR; };
		9046528824EC809F00F046FB /* RestaurantsTests.swift */ = {isa = PBXFileReference; lastKnownFileType = sourcecode.swift; path = RestaurantsTests.swift; sourceTree = "<group>"; };
		9046528A24EC809F00F046FB /* Info.plist */ = {isa = PBXFileReference; lastKnownFileType = text.plist.xml; path = Info.plist; sourceTree = "<group>"; };
/* End PBXFileReference section */

/* Begin PBXFrameworksBuildPhase section */
		9046526B24EC809E00F046FB /* Frameworks */ = {
			isa = PBXFrameworksBuildPhase;
			buildActionMask = 2147483647;
			files = (
			);
			runOnlyForDeploymentPostprocessing = 0;
		};
		9046528124EC809F00F046FB /* Frameworks */ = {
			isa = PBXFrameworksBuildPhase;
			buildActionMask = 2147483647;
			files = (
			);
			runOnlyForDeploymentPostprocessing = 0;
		};
/* End PBXFrameworksBuildPhase section */

/* Begin PBXGroup section */
		9046526524EC809E00F046FB = {
			isa = PBXGroup;
			children = (
				9046527024EC809E00F046FB /* Restaurants */,
				9046528724EC809F00F046FB /* RestaurantsTests */,
				9046526F24EC809E00F046FB /* Products */,
			);
			sourceTree = "<group>";
		};
		9046526F24EC809E00F046FB /* Products */ = {
			isa = PBXGroup;
			children = (
				9046526E24EC809E00F046FB /* Restaurants.app */,
				9046528424EC809F00F046FB /* RestaurantsTests.xctest */,
			);
			name = Products;
			sourceTree = "<group>";
		};
		9046527024EC809E00F046FB /* Restaurants */ = {
			isa = PBXGroup;
			children = (
				9046527124EC809E00F046FB /* AppDelegate.swift */,
				9046527324EC809E00F046FB /* SceneDelegate.swift */,
				9046529C24EC9D8700F046FB /* Common */,
				9046529324EC9D8700F046FB /* Extensions */,
				9046529524EC9D8700F046FB /* Features */,
				9046529D24EC9D8700F046FB /* Network */,
				9046529E24EC9D8700F046FB /* Resources */,
				9046529424EC9D8700F046FB /* Storyboards */,
				9046527A24EC809F00F046FB /* Assets.xcassets */,
				9046527F24EC809F00F046FB /* Info.plist */,
			);
			path = Restaurants;
			sourceTree = "<group>";
		};
		9046528724EC809F00F046FB /* RestaurantsTests */ = {
			isa = PBXGroup;
			children = (
				9046528824EC809F00F046FB /* RestaurantsTests.swift */,
				9046528A24EC809F00F046FB /* Info.plist */,
			);
			path = RestaurantsTests;
			sourceTree = "<group>";
		};
		9046529324EC9D8700F046FB /* Extensions */ = {
			isa = PBXGroup;
			children = (
			);
			path = Extensions;
			sourceTree = "<group>";
		};
		9046529424EC9D8700F046FB /* Storyboards */ = {
			isa = PBXGroup;
			children = (
				9046527C24EC809F00F046FB /* LaunchScreen.storyboard */,
				9046527724EC809E00F046FB /* Main.storyboard */,
			);
			path = Storyboards;
			sourceTree = "<group>";
		};
		9046529524EC9D8700F046FB /* Features */ = {
			isa = PBXGroup;
			children = (
				9046529624EC9D8700F046FB /* RestaurantList */,
			);
			path = Features;
			sourceTree = "<group>";
		};
		9046529624EC9D8700F046FB /* RestaurantList */ = {
			isa = PBXGroup;
			children = (
				9046529724EC9D8700F046FB /* ViewModel */,
				9046529824EC9D8700F046FB /* Cell */,
				9046529924EC9D8700F046FB /* DataController */,
				9046529A24EC9D8700F046FB /* ViewController */,
				9046529B24EC9D8700F046FB /* Router */,
			);
			path = RestaurantList;
			sourceTree = "<group>";
		};
		9046529724EC9D8700F046FB /* ViewModel */ = {
			isa = PBXGroup;
			children = (
			);
			path = ViewModel;
			sourceTree = "<group>";
		};
		9046529824EC9D8700F046FB /* Cell */ = {
			isa = PBXGroup;
			children = (
			);
			path = Cell;
			sourceTree = "<group>";
		};
		9046529924EC9D8700F046FB /* DataController */ = {
			isa = PBXGroup;
			children = (
			);
			path = DataController;
			sourceTree = "<group>";
		};
		9046529A24EC9D8700F046FB /* ViewController */ = {
			isa = PBXGroup;
			children = (
				9046527524EC809E00F046FB /* ViewController.swift */,
			);
			path = ViewController;
			sourceTree = "<group>";
		};
		9046529B24EC9D8700F046FB /* Router */ = {
			isa = PBXGroup;
			children = (
			);
			path = Router;
			sourceTree = "<group>";
		};
		9046529C24EC9D8700F046FB /* Common */ = {
			isa = PBXGroup;
			children = (
			);
			path = Common;
			sourceTree = "<group>";
		};
		9046529D24EC9D8700F046FB /* Network */ = {
			isa = PBXGroup;
			children = (
			);
			path = Network;
			sourceTree = "<group>";
		};
		9046529E24EC9D8700F046FB /* Resources */ = {
			isa = PBXGroup;
			children = (
			);
			path = Resources;
			sourceTree = "<group>";
		};
/* End PBXGroup section */

/* Begin PBXNativeTarget section */
		9046526D24EC809E00F046FB /* Restaurants */ = {
			isa = PBXNativeTarget;
			buildConfigurationList = 9046528D24EC809F00F046FB /* Build configuration list for PBXNativeTarget "Restaurants" */;
			buildPhases = (
				9046526A24EC809E00F046FB /* Sources */,
				9046526B24EC809E00F046FB /* Frameworks */,
				9046526C24EC809E00F046FB /* Resources */,
			);
			buildRules = (
			);
			dependencies = (
			);
			name = Restaurants;
			productName = Restaurants;
			productReference = 9046526E24EC809E00F046FB /* Restaurants.app */;
			productType = "com.apple.product-type.application";
		};
		9046528324EC809F00F046FB /* RestaurantsTests */ = {
			isa = PBXNativeTarget;
			buildConfigurationList = 9046529024EC809F00F046FB /* Build configuration list for PBXNativeTarget "RestaurantsTests" */;
			buildPhases = (
				9046528024EC809F00F046FB /* Sources */,
				9046528124EC809F00F046FB /* Frameworks */,
				9046528224EC809F00F046FB /* Resources */,
			);
			buildRules = (
			);
			dependencies = (
				9046528624EC809F00F046FB /* PBXTargetDependency */,
			);
			name = RestaurantsTests;
			productName = RestaurantsTests;
			productReference = 9046528424EC809F00F046FB /* RestaurantsTests.xctest */;
			productType = "com.apple.product-type.bundle.unit-test";
		};
/* End PBXNativeTarget section */

/* Begin PBXProject section */
		9046526624EC809E00F046FB /* Project object */ = {
			isa = PBXProject;
			attributes = {
				LastSwiftUpdateCheck = 1160;
				LastUpgradeCheck = 1160;
				ORGANIZATIONNAME = "Abdullah Bayraktar";
				TargetAttributes = {
					9046526D24EC809E00F046FB = {
						CreatedOnToolsVersion = 11.6;
					};
					9046528324EC809F00F046FB = {
						CreatedOnToolsVersion = 11.6;
						TestTargetID = 9046526D24EC809E00F046FB;
					};
				};
			};
			buildConfigurationList = 9046526924EC809E00F046FB /* Build configuration list for PBXProject "Restaurants" */;
			compatibilityVersion = "Xcode 9.3";
			developmentRegion = en;
			hasScannedForEncodings = 0;
			knownRegions = (
				en,
				Base,
			);
			mainGroup = 9046526524EC809E00F046FB;
			productRefGroup = 9046526F24EC809E00F046FB /* Products */;
			projectDirPath = "";
			projectRoot = "";
			targets = (
				9046526D24EC809E00F046FB /* Restaurants */,
				9046528324EC809F00F046FB /* RestaurantsTests */,
			);
		};
/* End PBXProject section */

/* Begin PBXResourcesBuildPhase section */
		9046526C24EC809E00F046FB /* Resources */ = {
			isa = PBXResourcesBuildPhase;
			buildActionMask = 2147483647;
			files = (
				9046527E24EC809F00F046FB /* LaunchScreen.storyboard in Resources */,
				9046527B24EC809F00F046FB /* Assets.xcassets in Resources */,
				9046527924EC809E00F046FB /* Main.storyboard in Resources */,
			);
			runOnlyForDeploymentPostprocessing = 0;
		};
		9046528224EC809F00F046FB /* Resources */ = {
			isa = PBXResourcesBuildPhase;
			buildActionMask = 2147483647;
			files = (
			);
			runOnlyForDeploymentPostprocessing = 0;
		};
/* End PBXResourcesBuildPhase section */

/* Begin PBXSourcesBuildPhase section */
		9046526A24EC809E00F046FB /* Sources */ = {
			isa = PBXSourcesBuildPhase;
			buildActionMask = 2147483647;
			files = (
				9046527624EC809E00F046FB /* ViewController.swift in Sources */,
				9046527224EC809E00F046FB /* AppDelegate.swift in Sources */,
				9046527424EC809E00F046FB /* SceneDelegate.swift in Sources */,
			);
			runOnlyForDeploymentPostprocessing = 0;
		};
		9046528024EC809F00F046FB /* Sources */ = {
			isa = PBXSourcesBuildPhase;
			buildActionMask = 2147483647;
			files = (
				9046528924EC809F00F046FB /* RestaurantsTests.swift in Sources */,
			);
			runOnlyForDeploymentPostprocessing = 0;
		};
/* End PBXSourcesBuildPhase section */

/* Begin PBXTargetDependency section */
		9046528624EC809F00F046FB /* PBXTargetDependency */ = {
			isa = PBXTargetDependency;
			target = 9046526D24EC809E00F046FB /* Restaurants */;
			targetProxy = 9046528524EC809F00F046FB /* PBXContainerItemProxy */;
		};
/* End PBXTargetDependency section */

/* Begin PBXVariantGroup section */
		9046527724EC809E00F046FB /* Main.storyboard */ = {
			isa = PBXVariantGroup;
			children = (
				9046527824EC809E00F046FB /* Base */,
			);
			name = Main.storyboard;
			sourceTree = "<group>";
		};
		9046527C24EC809F00F046FB /* LaunchScreen.storyboard */ = {
			isa = PBXVariantGroup;
			children = (
				9046527D24EC809F00F046FB /* Base */,
			);
			name = LaunchScreen.storyboard;
			sourceTree = "<group>";
		};
/* End PBXVariantGroup section */

/* Begin XCBuildConfiguration section */
		9046528B24EC809F00F046FB /* Debug */ = {
			isa = XCBuildConfiguration;
			buildSettings = {
				ALWAYS_SEARCH_USER_PATHS = NO;
				CLANG_ANALYZER_NONNULL = YES;
				CLANG_ANALYZER_NUMBER_OBJECT_CONVERSION = YES_AGGRESSIVE;
				CLANG_CXX_LANGUAGE_STANDARD = "gnu++14";
				CLANG_CXX_LIBRARY = "libc++";
				CLANG_ENABLE_MODULES = YES;
				CLANG_ENABLE_OBJC_ARC = YES;
				CLANG_ENABLE_OBJC_WEAK = YES;
				CLANG_WARN_BLOCK_CAPTURE_AUTORELEASING = YES;
				CLANG_WARN_BOOL_CONVERSION = YES;
				CLANG_WARN_COMMA = YES;
				CLANG_WARN_CONSTANT_CONVERSION = YES;
				CLANG_WARN_DEPRECATED_OBJC_IMPLEMENTATIONS = YES;
				CLANG_WARN_DIRECT_OBJC_ISA_USAGE = YES_ERROR;
				CLANG_WARN_DOCUMENTATION_COMMENTS = YES;
				CLANG_WARN_EMPTY_BODY = YES;
				CLANG_WARN_ENUM_CONVERSION = YES;
				CLANG_WARN_INFINITE_RECURSION = YES;
				CLANG_WARN_INT_CONVERSION = YES;
				CLANG_WARN_NON_LITERAL_NULL_CONVERSION = YES;
				CLANG_WARN_OBJC_IMPLICIT_RETAIN_SELF = YES;
				CLANG_WARN_OBJC_LITERAL_CONVERSION = YES;
				CLANG_WARN_OBJC_ROOT_CLASS = YES_ERROR;
				CLANG_WARN_RANGE_LOOP_ANALYSIS = YES;
				CLANG_WARN_STRICT_PROTOTYPES = YES;
				CLANG_WARN_SUSPICIOUS_MOVE = YES;
				CLANG_WARN_UNGUARDED_AVAILABILITY = YES_AGGRESSIVE;
				CLANG_WARN_UNREACHABLE_CODE = YES;
				CLANG_WARN__DUPLICATE_METHOD_MATCH = YES;
				COPY_PHASE_STRIP = NO;
				DEBUG_INFORMATION_FORMAT = dwarf;
				ENABLE_STRICT_OBJC_MSGSEND = YES;
				ENABLE_TESTABILITY = YES;
				GCC_C_LANGUAGE_STANDARD = gnu11;
				GCC_DYNAMIC_NO_PIC = NO;
				GCC_NO_COMMON_BLOCKS = YES;
				GCC_OPTIMIZATION_LEVEL = 0;
				GCC_PREPROCESSOR_DEFINITIONS = (
					"DEBUG=1",
					"$(inherited)",
				);
				GCC_WARN_64_TO_32_BIT_CONVERSION = YES;
				GCC_WARN_ABOUT_RETURN_TYPE = YES_ERROR;
				GCC_WARN_UNDECLARED_SELECTOR = YES;
				GCC_WARN_UNINITIALIZED_AUTOS = YES_AGGRESSIVE;
				GCC_WARN_UNUSED_FUNCTION = YES;
				GCC_WARN_UNUSED_VARIABLE = YES;
				IPHONEOS_DEPLOYMENT_TARGET = 13.6;
				MTL_ENABLE_DEBUG_INFO = INCLUDE_SOURCE;
				MTL_FAST_MATH = YES;
				ONLY_ACTIVE_ARCH = YES;
				SDKROOT = iphoneos;
				SWIFT_ACTIVE_COMPILATION_CONDITIONS = DEBUG;
				SWIFT_OPTIMIZATION_LEVEL = "-Onone";
			};
			name = Debug;
		};
		9046528C24EC809F00F046FB /* Release */ = {
			isa = XCBuildConfiguration;
			buildSettings = {
				ALWAYS_SEARCH_USER_PATHS = NO;
				CLANG_ANALYZER_NONNULL = YES;
				CLANG_ANALYZER_NUMBER_OBJECT_CONVERSION = YES_AGGRESSIVE;
				CLANG_CXX_LANGUAGE_STANDARD = "gnu++14";
				CLANG_CXX_LIBRARY = "libc++";
				CLANG_ENABLE_MODULES = YES;
				CLANG_ENABLE_OBJC_ARC = YES;
				CLANG_ENABLE_OBJC_WEAK = YES;
				CLANG_WARN_BLOCK_CAPTURE_AUTORELEASING = YES;
				CLANG_WARN_BOOL_CONVERSION = YES;
				CLANG_WARN_COMMA = YES;
				CLANG_WARN_CONSTANT_CONVERSION = YES;
				CLANG_WARN_DEPRECATED_OBJC_IMPLEMENTATIONS = YES;
				CLANG_WARN_DIRECT_OBJC_ISA_USAGE = YES_ERROR;
				CLANG_WARN_DOCUMENTATION_COMMENTS = YES;
				CLANG_WARN_EMPTY_BODY = YES;
				CLANG_WARN_ENUM_CONVERSION = YES;
				CLANG_WARN_INFINITE_RECURSION = YES;
				CLANG_WARN_INT_CONVERSION = YES;
				CLANG_WARN_NON_LITERAL_NULL_CONVERSION = YES;
				CLANG_WARN_OBJC_IMPLICIT_RETAIN_SELF = YES;
				CLANG_WARN_OBJC_LITERAL_CONVERSION = YES;
				CLANG_WARN_OBJC_ROOT_CLASS = YES_ERROR;
				CLANG_WARN_RANGE_LOOP_ANALYSIS = YES;
				CLANG_WARN_STRICT_PROTOTYPES = YES;
				CLANG_WARN_SUSPICIOUS_MOVE = YES;
				CLANG_WARN_UNGUARDED_AVAILABILITY = YES_AGGRESSIVE;
				CLANG_WARN_UNREACHABLE_CODE = YES;
				CLANG_WARN__DUPLICATE_METHOD_MATCH = YES;
				COPY_PHASE_STRIP = NO;
				DEBUG_INFORMATION_FORMAT = "dwarf-with-dsym";
				ENABLE_NS_ASSERTIONS = NO;
				ENABLE_STRICT_OBJC_MSGSEND = YES;
				GCC_C_LANGUAGE_STANDARD = gnu11;
				GCC_NO_COMMON_BLOCKS = YES;
				GCC_WARN_64_TO_32_BIT_CONVERSION = YES;
				GCC_WARN_ABOUT_RETURN_TYPE = YES_ERROR;
				GCC_WARN_UNDECLARED_SELECTOR = YES;
				GCC_WARN_UNINITIALIZED_AUTOS = YES_AGGRESSIVE;
				GCC_WARN_UNUSED_FUNCTION = YES;
				GCC_WARN_UNUSED_VARIABLE = YES;
				IPHONEOS_DEPLOYMENT_TARGET = 13.6;
				MTL_ENABLE_DEBUG_INFO = NO;
				MTL_FAST_MATH = YES;
				SDKROOT = iphoneos;
				SWIFT_COMPILATION_MODE = wholemodule;
				SWIFT_OPTIMIZATION_LEVEL = "-O";
				VALIDATE_PRODUCT = YES;
			};
			name = Release;
		};
		9046528E24EC809F00F046FB /* Debug */ = {
			isa = XCBuildConfiguration;
			buildSettings = {
				ASSETCATALOG_COMPILER_APPICON_NAME = AppIcon;
				CODE_SIGN_STYLE = Manual;
				DEVELOPMENT_TEAM = "";
				INFOPLIST_FILE = Restaurants/Info.plist;
				IPHONEOS_DEPLOYMENT_TARGET = 13.0;
				LD_RUNPATH_SEARCH_PATHS = (
					"$(inherited)",
					"@executable_path/Frameworks",
				);
				MARKETING_VERSION = 1.0.0;
				PRODUCT_BUNDLE_IDENTIFIER = AB.Restaurants;
				PRODUCT_NAME = "$(TARGET_NAME)";
				PROVISIONING_PROFILE_SPECIFIER = "";
				SWIFT_VERSION = 5.0;
				TARGETED_DEVICE_FAMILY = "1,2";
			};
			name = Debug;
		};
		9046528F24EC809F00F046FB /* Release */ = {
			isa = XCBuildConfiguration;
			buildSettings = {
				ASSETCATALOG_COMPILER_APPICON_NAME = AppIcon;
				CODE_SIGN_STYLE = Manual;
				DEVELOPMENT_TEAM = "";
				INFOPLIST_FILE = Restaurants/Info.plist;
				IPHONEOS_DEPLOYMENT_TARGET = 13.0;
				LD_RUNPATH_SEARCH_PATHS = (
					"$(inherited)",
					"@executable_path/Frameworks",
				);
				MARKETING_VERSION = 1.0.0;
				PRODUCT_BUNDLE_IDENTIFIER = AB.Restaurants;
				PRODUCT_NAME = "$(TARGET_NAME)";
				PROVISIONING_PROFILE_SPECIFIER = "";
				SWIFT_VERSION = 5.0;
				TARGETED_DEVICE_FAMILY = "1,2";
			};
			name = Release;
		};
		9046529124EC809F00F046FB /* Debug */ = {
			isa = XCBuildConfiguration;
			buildSettings = {
				ALWAYS_EMBED_SWIFT_STANDARD_LIBRARIES = YES;
				BUNDLE_LOADER = "$(TEST_HOST)";
				CODE_SIGN_STYLE = Automatic;
				INFOPLIST_FILE = RestaurantsTests/Info.plist;
				IPHONEOS_DEPLOYMENT_TARGET = 13.6;
				LD_RUNPATH_SEARCH_PATHS = (
					"$(inherited)",
					"@executable_path/Frameworks",
					"@loader_path/Frameworks",
				);
				PRODUCT_BUNDLE_IDENTIFIER = AB.RestaurantsTests;
				PRODUCT_NAME = "$(TARGET_NAME)";
				SWIFT_VERSION = 5.0;
				TARGETED_DEVICE_FAMILY = "1,2";
				TEST_HOST = "$(BUILT_PRODUCTS_DIR)/Restaurants.app/Restaurants";
			};
			name = Debug;
		};
		9046529224EC809F00F046FB /* Release */ = {
			isa = XCBuildConfiguration;
			buildSettings = {
				ALWAYS_EMBED_SWIFT_STANDARD_LIBRARIES = YES;
				BUNDLE_LOADER = "$(TEST_HOST)";
				CODE_SIGN_STYLE = Automatic;
				INFOPLIST_FILE = RestaurantsTests/Info.plist;
				IPHONEOS_DEPLOYMENT_TARGET = 13.6;
				LD_RUNPATH_SEARCH_PATHS = (
					"$(inherited)",
					"@executable_path/Frameworks",
					"@loader_path/Frameworks",
				);
				PRODUCT_BUNDLE_IDENTIFIER = AB.RestaurantsTests;
				PRODUCT_NAME = "$(TARGET_NAME)";
				SWIFT_VERSION = 5.0;
				TARGETED_DEVICE_FAMILY = "1,2";
				TEST_HOST = "$(BUILT_PRODUCTS_DIR)/Restaurants.app/Restaurants";
			};
			name = Release;
		};
/* End XCBuildConfiguration section */

/* Begin XCConfigurationList section */
		9046526924EC809E00F046FB /* Build configuration list for PBXProject "Restaurants" */ = {
			isa = XCConfigurationList;
			buildConfigurations = (
				9046528B24EC809F00F046FB /* Debug */,
				9046528C24EC809F00F046FB /* Release */,
			);
			defaultConfigurationIsVisible = 0;
			defaultConfigurationName = Release;
		};
		9046528D24EC809F00F046FB /* Build configuration list for PBXNativeTarget "Restaurants" */ = {
			isa = XCConfigurationList;
			buildConfigurations = (
				9046528E24EC809F00F046FB /* Debug */,
				9046528F24EC809F00F046FB /* Release */,
			);
			defaultConfigurationIsVisible = 0;
			defaultConfigurationName = Release;
		};
		9046529024EC809F00F046FB /* Build configuration list for PBXNativeTarget "RestaurantsTests" */ = {
			isa = XCConfigurationList;
			buildConfigurations = (
				9046529124EC809F00F046FB /* Debug */,
				9046529224EC809F00F046FB /* Release */,
			);
			defaultConfigurationIsVisible = 0;
			defaultConfigurationName = Release;
		};
/* End XCConfigurationList section */
	};
	rootObject = 9046526624EC809E00F046FB /* Project object */;
}
